{
  "lockfile_version": "1",
  "packages": {
    "awscli2@latest": {
      "last_modified": "2025-12-16T16:49:59Z",
      "resolved": "github:NixOS/nixpkgs/e8d16d2186d6ed9f047eb30948e97e7e01886d10#awscli2",
      "source": "devbox-search",
      "version": "2.32.15",
      "systems": {
        "aarch64-darwin": {
          "outputs": [
            {
              "name": "out",
              "path": "/nix/store/6f7p1z11mkpyr14w0sqa4pp0abzsxf1i-awscli2-2.32.15",
              "default": true
            },
            {
              "name": "dist",
              "path": "/nix/store/pghfh6i3j1a51qklqbx2vv4hsh1k4nix-awscli2-2.32.15-dist"
            }
          ],
          "store_path": "/nix/store/6f7p1z11mkpyr14w0sqa4pp0abzsxf1i-awscli2-2.32.15"
        },
        "aarch64-linux": {
          "outputs": [
            {
              "name": "out",
              "path": "/nix/store/3yb7mw8ky7iqvwl9j7qj1y571vx6nj4w-awscli2-2.32.15",
              "default": true
            },
            {
              "name": "dist",
              "path": "/nix/store/216lkwwawal144x1mlkawxsgr92hz02g-awscli2-2.32.15-dist"
            }
          ],
          "store_path": "/nix/store/3yb7mw8ky7iqvwl9j7qj1y571vx6nj4w-awscli2-2.32.15"
        },
        "x86_64-darwin": {
          "outputs": [
            {
              "name": "out",
              "path": "/nix/store/di1h7fnh74hyg8ym3z6xjff4rgr4rmxa-awscli2-2.32.15",
              "default": true
            },
            {
              "name": "dist",
              "path": "/nix/store/ynjbq246aza1qvlrdi637s4ylqdrypxl-awscli2-2.32.15-dist"
            }
          ],
          "store_path": "/nix/store/di1h7fnh74hyg8ym3z6xjff4rgr4rmxa-awscli2-2.32.15"
        },
        "x86_64-linux": {
          "outputs": [
            {
              "name": "out",
              "path": "/nix/store/7kasqynx7rv1imipzwm29k67rfjg0y88-awscli2-2.32.15",
              "default": true
            },
            {
              "name": "dist",
              "path": "/nix/store/54zpz7s35bgh5pz8f05ml5w74fizqdv7-awscli2-2.32.15-dist"
            }
          ],
          "store_path": "/nix/store/7kasqynx7rv1imipzwm29k67rfjg0y88-awscli2-2.32.15"
        }
      }
    },
    "github:NixOS/nixpkgs/nixpkgs-unstable": {
      "last_modified": "2025-12-29T16:45:58Z",
      "resolved": "github:NixOS/nixpkgs/346dd96ad74dc4457a9db9de4f4f57dab2e5731d?lastModified=1767026758"
    },
    "jq@latest": {
      "last_modified": "2025-12-21T10:48:17Z",
      "resolved": "github:NixOS/nixpkgs/306ea70f9eb0fb4e040f8540e2deab32ed7e2055#jq",
      "source": "devbox-search",
      "version": "1.8.1",
      "systems": {
        "aarch64-darwin": {
          "outputs": [
            {
              "name": "bin",
              "path": "/nix/store/4hy1mm43nvmjpnyfsa80csbsg4wd8691-jq-1.8.1-bin",
              "default": true
            },
            {
              "name": "man",
              "path": "/nix/store/054063ybv64v877qmqd55pl68hri679w-jq-1.8.1-man",
              "default": true
            },
            {
              "name": "out",
              "path": "/nix/store/an0a5rm99xsaj4pqfnlwsnc288rb4chm-jq-1.8.1"
            },
            {
              "name": "dev",
              "path": "/nix/store/1l5dl9d9mcpm7i0r5bhb23xczlfd2i0i-jq-1.8.1-dev"
            },
            {
              "name": "doc",
              "path": "/nix/store/baidiqpr2sqdv59asy5a3gajpfn8sqig-jq-1.8.1-doc"
            }
          ],
          "store_path": "/nix/store/4hy1mm43nvmjpnyfsa80csbsg4wd8691-jq-1.8.1-bin"
        },
        "aarch64-linux": {
          "outputs": [
            {
              "name": "bin",
              "path": "/nix/store/3rmzb92a65vp55dmmzmh2qygq5wkdmb8-jq-1.8.1-bin",
              "default": true
            },
            {
              "name": "man",
              "path": "/nix/store/44gwjhi00hwkpy0csxjnm1h5zcsbvymw-jq-1.8.1-man",
              "default": true
            },
            {
              "name": "dev",
              "path": "/nix/store/xqy22d0ny10bcsczlgg02ni5lgp5zjc8-jq-1.8.1-dev"
            },
            {
              "name": "doc",
              "path": "/nix/store/36zp3bh3q76jq8pix9g9j54v36ddz20n-jq-1.8.1-doc"
            },
            {
              "name": "out",
              "path": "/nix/store/h7qs29xm3i5zq058g0r0a0f8qzwfwpfv-jq-1.8.1"
            }
          ],
          "store_path": "/nix/store/3rmzb92a65vp55dmmzmh2qygq5wkdmb8-jq-1.8.1-bin"
        },
        "x86_64-darwin": {
          "outputs": [
            {
              "name": "bin",
              "path": "/nix/store/0kz2h1wisnvpmavfra6n8fi0x2brhfg6-jq-1.8.1-bin",
              "default": true
            },
            {
              "name": "man",
              "path": "/nix/store/8xvsm6pzpya6jc3vfmxagxj46iz9hix9-jq-1.8.1-man",
              "default": true
            },
            {
              "name": "dev",
              "path": "/nix/store/w96fml250mbz0p0an0f7p6zfblrpz0pn-jq-1.8.1-dev"
            },
            {
              "name": "doc",
              "path": "/nix/store/k388l1qgp6dcn80njl1by9x5i2jy8i0m-jq-1.8.1-doc"
            },
            {
              "name": "out",
              "path": "/nix/store/30wa9jl18hjfi5756chyg4kl1164d5wk-jq-1.8.1"
            }
          ],
          "store_path": "/nix/store/0kz2h1wisnvpmavfra6n8fi0x2brhfg6-jq-1.8.1-bin"
        },
        "x86_64-linux": {
          "outputs": [
            {
              "name": "bin",
              "path": "/nix/store/qvbwz06cqra3cmlra40v0adw75j6j7wm-jq-1.8.1-bin",
              "default": true
            },
            {
              "name": "man",
              "path": "/nix/store/6wpy08grkd8315ad3wsx8dd92cx5n26z-jq-1.8.1-man",
              "default": true
            },
            {
              "name": "out",
              "path": "/nix/store/gs6yqc24w093xsnnz3kkhls8jz7pnffy-jq-1.8.1"
            },
            {
              "name": "dev",
              "path": "/nix/store/jq07r49vk5wa10a1kk2y87nwbbl62qxz-jq-1.8.1-dev"
            },
            {
              "name": "doc",
              "path": "/nix/store/brd1gvvbq8bblpbizmyjhsfwr7nlmvyq-jq-1.8.1-doc"
            }
          ],
          "store_path": "/nix/store/qvbwz06cqra3cmlra40v0adw75j6j7wm-jq-1.8.1-bin"
        }
      }
    },
    "python@latest": {
      "last_modified": "2025-11-23T21:50:36Z",
      "plugin_version": "0.0.4",
      "resolved": "github:NixOS/nixpkgs/ee09932cedcef15aaf476f9343d1dea2cb77e261#python314",
      "source": "devbox-search",
      "version": "3.14.0",
      "systems": {
        "aarch64-darwin": {
          "outputs": [
            {
              "name": "out",
              "path": "/nix/store/wqnlp9wcgs0g3mf1kpb8swibm3hcmb46-python3-3.14.0",
              "default": true
            }
          ],
          "store_path": "/nix/store/wqnlp9wcgs0g3mf1kpb8swibm3hcmb46-python3-3.14.0"
        },
        "aarch64-linux": {
          "outputs": [
            {
              "name": "out",
              "path": "/nix/store/1661mj8jk71bsfg5hs933gsnsl7n128y-python3-3.14.0",
              "default": true
            },
            {
              "name": "debug",
              "path": "/nix/store/3pzwrvqnxyzf7qcign3nq8z6n9nxvg3z-python3-3.14.0-debug"
            }
          ],
          "store_path": "/nix/store/1661mj8jk71bsfg5hs933gsnsl7n128y-python3-3.14.0"
        },
        "x86_64-darwin": {
          "outputs": [
            {
              "name": "out",
              "path": "/nix/store/6537bwrw3mphrsfzln4996n630g48iyf-python3-3.14.0",
              "default": true
            }
          ],
          "store_path": "/nix/store/6537bwrw3mphrsfzln4996n630g48iyf-python3-3.14.0"
        },
        "x86_64-linux": {
          "outputs": [
            {
              "name": "out",
              "path": "/nix/store/sddj4ifk8jdpqi1vzzz6cl7bb0cshskx-python3-3.14.0",
              "default": true
            },
            {
              "name": "debug",
              "path": "/nix/store/nz0214vhnlzamk8l7k6yh1rd7fxiyph8-python3-3.14.0-debug"
            }
          ],
          "store_path": "/nix/store/sddj4ifk8jdpqi1vzzz6cl7bb0cshskx-python3-3.14.0"
        }
      }
    },
    "uv": {
      "resolved": "github:NixOS/nixpkgs/346dd96ad74dc4457a9db9de4f4f57dab2e5731d#uv",
      "source": "nixpkg"
    },
    "zellij@latest": {
      "last_modified": "2025-11-23T21:50:36Z",
      "resolved": "github:NixOS/nixpkgs/ee09932cedcef15aaf476f9343d1dea2cb77e261#zellij",
      "source": "devbox-search",
      "version": "0.43.1",
      "systems": {
        "aarch64-darwin": {
          "outputs": [
            {
              "name": "out",
              "path": "/nix/store/fwr7xbxlaq0rac1q2xcqa6gqbi862pnq-zellij-0.43.1",
              "default": true
            }
          ],
          "store_path": "/nix/store/fwr7xbxlaq0rac1q2xcqa6gqbi862pnq-zellij-0.43.1"
        },
        "aarch64-linux": {
          "outputs": [
            {
              "name": "out",
              "path": "/nix/store/8l14mqs0j450c4im2b78zaqxlbdmx7h1-zellij-0.43.1",
              "default": true
            }
          ],
          "store_path": "/nix/store/8l14mqs0j450c4im2b78zaqxlbdmx7h1-zellij-0.43.1"
        },
        "x86_64-darwin": {
          "outputs": [
            {
              "name": "out",
              "path": "/nix/store/ky3v0ahv6h5i5l0ipr590yda4glc3nkf-zellij-0.43.1",
              "default": true
            }
          ],
          "store_path": "/nix/store/ky3v0ahv6h5i5l0ipr590yda4glc3nkf-zellij-0.43.1"
        },
        "x86_64-linux": {
          "outputs": [
            {
              "name": "out",
              "path": "/nix/store/9k5mm8pkzsl3vw3zjvmi37cvcl00pszf-zellij-0.43.1",
              "default": true
            }
          ],
          "store_path": "/nix/store/9k5mm8pkzsl3vw3zjvmi37cvcl00pszf-zellij-0.43.1"
        }
      }
    }
  }
}
